
Microsoft Visual Studio Solution File, Format Version 12.00
# Visual Studio Version 17
VisualStudioVersion = 17.12.35527.113
MinimumVisualStudioVersion = 10.0.40219.1
Project("{2150E333-8FDC-42A3-9474-1A3956D46DE8}") = "OrdersService", "OrdersService", "{63962A89-2BC2-4E81-AA29-51456FC7FA5A}"
EndProject
Project("{2150E333-8FDC-42A3-9474-1A3956D46DE8}") = "Docker", "Docker", "{694EF686-4796-4236-83BC-EECAA01BDACF}"
	ProjectSection(SolutionItems) = preProject
		docker-compose.yml = docker-compose.yml
	EndProjectSection
EndProject
Project("{2150E333-8FDC-42A3-9474-1A3956D46DE8}") = "PaymentsService", "PaymentsService", "{208720B3-644F-47AF-84AE-6F7FA06E503D}"
EndProject
Project("{2150E333-8FDC-42A3-9474-1A3956D46DE8}") = "WarehouseService", "WarehouseService", "{9469CE58-53D6-4475-8BA7-64D1F7495D1E}"
EndProject
Project("{FAE04EC0-301F-11D3-BF4B-00C04F79EFBC}") = "Orders.Api", "Orders.Api\Orders.Api.csproj", "{60040DE7-BFD2-4033-A764-37DCF7A56E55}"
EndProject
Project("{FAE04EC0-301F-11D3-BF4B-00C04F79EFBC}") = "Orders.Shared", "Orders.Shared\Orders.Shared.csproj", "{9663835D-1AB4-4CF3-A176-04317D5655D1}"
EndProject
Project("{FAE04EC0-301F-11D3-BF4B-00C04F79EFBC}") = "Orders.Repository", "Orders.Repository\Orders.Repository.csproj", "{3D53C231-EF8A-4107-B1DA-1F9EBF94AC10}"
EndProject
Project("{FAE04EC0-301F-11D3-BF4B-00C04F79EFBC}") = "Orders.Business", "Orders.Business\Orders.Business.csproj", "{9522F2FF-6D0B-49E4-80BD-8A97E6C6AEA1}"
EndProject
Project("{2150E333-8FDC-42A3-9474-1A3956D46DE8}") = "RegistryService", "RegistryService", "{F874FB0B-60AE-4940-A1AD-C06E02D8F6AC}"
EndProject
Project("{FAE04EC0-301F-11D3-BF4B-00C04F79EFBC}") = "Registry.Api", "Registry.Api\Registry.Api.csproj", "{21C0C172-9DE7-4E27-8A36-E5417F08E3C3}"
EndProject
Project("{FAE04EC0-301F-11D3-BF4B-00C04F79EFBC}") = "Registry.Shared", "Registry.Shared\Registry.Shared.csproj", "{F91FED61-0500-4E7B-AC92-EB63379A10C2}"
EndProject
Project("{FAE04EC0-301F-11D3-BF4B-00C04F79EFBC}") = "Registry.Repository", "Registry.Repository\Registry.Repository.csproj", "{FC044D94-1A4B-492F-8E14-864F66C38F5A}"
EndProject
Project("{FAE04EC0-301F-11D3-BF4B-00C04F79EFBC}") = "Registry.Business", "Registry.Business\Registry.Business.csproj", "{4F98581C-FACE-432D-B463-A8F08FB54C79}"
EndProject
Project("{FAE04EC0-301F-11D3-BF4B-00C04F79EFBC}") = "Warehouse.Shared", "Warehouse.Shared\Warehouse.Shared.csproj", "{FFFFE3B3-BB61-4811-8BA6-9CC37D79A435}"
EndProject
Project("{FAE04EC0-301F-11D3-BF4B-00C04F79EFBC}") = "Warehouse.Repository", "Warehouse.Repository\Warehouse.Repository.csproj", "{55C9C827-C159-4000-ABBD-3584D1770638}"
EndProject
Project("{FAE04EC0-301F-11D3-BF4B-00C04F79EFBC}") = "Warehouse.Business", "Warehouse.Business\Warehouse.Business.csproj", "{BA8EA1CB-CE5A-454D-9127-39FD654428D0}"
EndProject
Project("{FAE04EC0-301F-11D3-BF4B-00C04F79EFBC}") = "Warehouse.Api", "Warehouse.Api\Warehouse.Api.csproj", "{11D7CBE8-F676-4DE3-B5EB-9A7B55051ED0}"
EndProject
Project("{FAE04EC0-301F-11D3-BF4B-00C04F79EFBC}") = "Payments.Shared", "Payments.Shared\Payments.Shared.csproj", "{98729761-71AB-429A-AF4D-1693660946C5}"
EndProject
Project("{FAE04EC0-301F-11D3-BF4B-00C04F79EFBC}") = "Payments.Repository", "Payments.Repository\Payments.Repository.csproj", "{1C37CB5D-3635-4EE7-862A-153D9322B6BC}"
EndProject
Project("{FAE04EC0-301F-11D3-BF4B-00C04F79EFBC}") = "Payments.Business", "Payments.Business\Payments.Business.csproj", "{B90A47AB-601C-49E9-8971-4789992503DE}"
EndProject
Project("{FAE04EC0-301F-11D3-BF4B-00C04F79EFBC}") = "Payments.Api", "Payments.Api\Payments.Api.csproj", "{14814505-78B9-4366-A471-558E4C7A9F34}"
EndProject
Project("{FAE04EC0-301F-11D3-BF4B-00C04F79EFBC}") = "Orders.ClientHttp", "Orders.ClientHttp\Orders.ClientHttp.csproj", "{00C29D04-7355-4011-A5A8-6E4CE59A41A6}"
EndProject
Project("{FAE04EC0-301F-11D3-BF4B-00C04F79EFBC}") = "Warehouse.ClientHttp", "Warehouse.ClientHttp\Warehouse.ClientHttp.csproj", "{FC0B9ED1-1595-43A1-94D8-F14117428BCC}"
EndProject
Project("{FAE04EC0-301F-11D3-BF4B-00C04F79EFBC}") = "Registry.ClientHttp", "Registry.ClientHttp\Registry.ClientHttp.csproj", "{5A400E64-A83E-4A94-8A9C-EF8575F508B1}"
EndProject
Project("{FAE04EC0-301F-11D3-BF4B-00C04F79EFBC}") = "Payments.ClientHttp", "Payments.ClientHttp\Payments.ClientHttp.csproj", "{93BA8CA1-EFB2-4CB7-967A-BE334947E27D}"
EndProject
Global
	GlobalSection(SolutionConfigurationPlatforms) = preSolution
		Debug|Any CPU = Debug|Any CPU
		Release|Any CPU = Release|Any CPU
	EndGlobalSection
	GlobalSection(ProjectConfigurationPlatforms) = postSolution
		{60040DE7-BFD2-4033-A764-37DCF7A56E55}.Debug|Any CPU.ActiveCfg = Debug|Any CPU
		{60040DE7-BFD2-4033-A764-37DCF7A56E55}.Debug|Any CPU.Build.0 = Debug|Any CPU
		{60040DE7-BFD2-4033-A764-37DCF7A56E55}.Release|Any CPU.ActiveCfg = Release|Any CPU
		{60040DE7-BFD2-4033-A764-37DCF7A56E55}.Release|Any CPU.Build.0 = Release|Any CPU
		{9663835D-1AB4-4CF3-A176-04317D5655D1}.Debug|Any CPU.ActiveCfg = Debug|Any CPU
		{9663835D-1AB4-4CF3-A176-04317D5655D1}.Debug|Any CPU.Build.0 = Debug|Any CPU
		{9663835D-1AB4-4CF3-A176-04317D5655D1}.Release|Any CPU.ActiveCfg = Release|Any CPU
		{9663835D-1AB4-4CF3-A176-04317D5655D1}.Release|Any CPU.Build.0 = Release|Any CPU
		{3D53C231-EF8A-4107-B1DA-1F9EBF94AC10}.Debug|Any CPU.ActiveCfg = Debug|Any CPU
		{3D53C231-EF8A-4107-B1DA-1F9EBF94AC10}.Debug|Any CPU.Build.0 = Debug|Any CPU
		{3D53C231-EF8A-4107-B1DA-1F9EBF94AC10}.Release|Any CPU.ActiveCfg = Release|Any CPU
		{3D53C231-EF8A-4107-B1DA-1F9EBF94AC10}.Release|Any CPU.Build.0 = Release|Any CPU
		{9522F2FF-6D0B-49E4-80BD-8A97E6C6AEA1}.Debug|Any CPU.ActiveCfg = Debug|Any CPU
		{9522F2FF-6D0B-49E4-80BD-8A97E6C6AEA1}.Debug|Any CPU.Build.0 = Debug|Any CPU
		{9522F2FF-6D0B-49E4-80BD-8A97E6C6AEA1}.Release|Any CPU.ActiveCfg = Release|Any CPU
		{9522F2FF-6D0B-49E4-80BD-8A97E6C6AEA1}.Release|Any CPU.Build.0 = Release|Any CPU
		{21C0C172-9DE7-4E27-8A36-E5417F08E3C3}.Debug|Any CPU.ActiveCfg = Debug|Any CPU
		{21C0C172-9DE7-4E27-8A36-E5417F08E3C3}.Debug|Any CPU.Build.0 = Debug|Any CPU
		{21C0C172-9DE7-4E27-8A36-E5417F08E3C3}.Release|Any CPU.ActiveCfg = Release|Any CPU
		{21C0C172-9DE7-4E27-8A36-E5417F08E3C3}.Release|Any CPU.Build.0 = Release|Any CPU
		{F91FED61-0500-4E7B-AC92-EB63379A10C2}.Debug|Any CPU.ActiveCfg = Debug|Any CPU
		{F91FED61-0500-4E7B-AC92-EB63379A10C2}.Debug|Any CPU.Build.0 = Debug|Any CPU
		{F91FED61-0500-4E7B-AC92-EB63379A10C2}.Release|Any CPU.ActiveCfg = Release|Any CPU
		{F91FED61-0500-4E7B-AC92-EB63379A10C2}.Release|Any CPU.Build.0 = Release|Any CPU
		{FC044D94-1A4B-492F-8E14-864F66C38F5A}.Debug|Any CPU.ActiveCfg = Debug|Any CPU
		{FC044D94-1A4B-492F-8E14-864F66C38F5A}.Debug|Any CPU.Build.0 = Debug|Any CPU
		{FC044D94-1A4B-492F-8E14-864F66C38F5A}.Release|Any CPU.ActiveCfg = Release|Any CPU
		{FC044D94-1A4B-492F-8E14-864F66C38F5A}.Release|Any CPU.Build.0 = Release|Any CPU
		{4F98581C-FACE-432D-B463-A8F08FB54C79}.Debug|Any CPU.ActiveCfg = Debug|Any CPU
		{4F98581C-FACE-432D-B463-A8F08FB54C79}.Debug|Any CPU.Build.0 = Debug|Any CPU
		{4F98581C-FACE-432D-B463-A8F08FB54C79}.Release|Any CPU.ActiveCfg = Release|Any CPU
		{4F98581C-FACE-432D-B463-A8F08FB54C79}.Release|Any CPU.Build.0 = Release|Any CPU
		{FFFFE3B3-BB61-4811-8BA6-9CC37D79A435}.Debug|Any CPU.ActiveCfg = Debug|Any CPU
		{FFFFE3B3-BB61-4811-8BA6-9CC37D79A435}.Debug|Any CPU.Build.0 = Debug|Any CPU
		{FFFFE3B3-BB61-4811-8BA6-9CC37D79A435}.Release|Any CPU.ActiveCfg = Release|Any CPU
		{FFFFE3B3-BB61-4811-8BA6-9CC37D79A435}.Release|Any CPU.Build.0 = Release|Any CPU
		{55C9C827-C159-4000-ABBD-3584D1770638}.Debug|Any CPU.ActiveCfg = Debug|Any CPU
		{55C9C827-C159-4000-ABBD-3584D1770638}.Debug|Any CPU.Build.0 = Debug|Any CPU
		{55C9C827-C159-4000-ABBD-3584D1770638}.Release|Any CPU.ActiveCfg = Release|Any CPU
		{55C9C827-C159-4000-ABBD-3584D1770638}.Release|Any CPU.Build.0 = Release|Any CPU
		{BA8EA1CB-CE5A-454D-9127-39FD654428D0}.Debug|Any CPU.ActiveCfg = Debug|Any CPU
		{BA8EA1CB-CE5A-454D-9127-39FD654428D0}.Debug|Any CPU.Build.0 = Debug|Any CPU
		{BA8EA1CB-CE5A-454D-9127-39FD654428D0}.Release|Any CPU.ActiveCfg = Release|Any CPU
		{BA8EA1CB-CE5A-454D-9127-39FD654428D0}.Release|Any CPU.Build.0 = Release|Any CPU
		{11D7CBE8-F676-4DE3-B5EB-9A7B55051ED0}.Debug|Any CPU.ActiveCfg = Debug|Any CPU
		{11D7CBE8-F676-4DE3-B5EB-9A7B55051ED0}.Debug|Any CPU.Build.0 = Debug|Any CPU
		{11D7CBE8-F676-4DE3-B5EB-9A7B55051ED0}.Release|Any CPU.ActiveCfg = Release|Any CPU
		{11D7CBE8-F676-4DE3-B5EB-9A7B55051ED0}.Release|Any CPU.Build.0 = Release|Any CPU
		{98729761-71AB-429A-AF4D-1693660946C5}.Debug|Any CPU.ActiveCfg = Debug|Any CPU
		{98729761-71AB-429A-AF4D-1693660946C5}.Debug|Any CPU.Build.0 = Debug|Any CPU
		{98729761-71AB-429A-AF4D-1693660946C5}.Release|Any CPU.ActiveCfg = Release|Any CPU
		{98729761-71AB-429A-AF4D-1693660946C5}.Release|Any CPU.Build.0 = Release|Any CPU
		{1C37CB5D-3635-4EE7-862A-153D9322B6BC}.Debug|Any CPU.ActiveCfg = Debug|Any CPU
		{1C37CB5D-3635-4EE7-862A-153D9322B6BC}.Debug|Any CPU.Build.0 = Debug|Any CPU
		{1C37CB5D-3635-4EE7-862A-153D9322B6BC}.Release|Any CPU.ActiveCfg = Release|Any CPU
		{1C37CB5D-3635-4EE7-862A-153D9322B6BC}.Release|Any CPU.Build.0 = Release|Any CPU
		{B90A47AB-601C-49E9-8971-4789992503DE}.Debug|Any CPU.ActiveCfg = Debug|Any CPU
		{B90A47AB-601C-49E9-8971-4789992503DE}.Debug|Any CPU.Build.0 = Debug|Any CPU
		{B90A47AB-601C-49E9-8971-4789992503DE}.Release|Any CPU.ActiveCfg = Release|Any CPU
		{B90A47AB-601C-49E9-8971-4789992503DE}.Release|Any CPU.Build.0 = Release|Any CPU
		{14814505-78B9-4366-A471-558E4C7A9F34}.Debug|Any CPU.ActiveCfg = Debug|Any CPU
		{14814505-78B9-4366-A471-558E4C7A9F34}.Debug|Any CPU.Build.0 = Debug|Any CPU
		{14814505-78B9-4366-A471-558E4C7A9F34}.Release|Any CPU.ActiveCfg = Release|Any CPU
		{14814505-78B9-4366-A471-558E4C7A9F34}.Release|Any CPU.Build.0 = Release|Any CPU
		{00C29D04-7355-4011-A5A8-6E4CE59A41A6}.Debug|Any CPU.ActiveCfg = Debug|Any CPU
		{00C29D04-7355-4011-A5A8-6E4CE59A41A6}.Debug|Any CPU.Build.0 = Debug|Any CPU
		{00C29D04-7355-4011-A5A8-6E4CE59A41A6}.Release|Any CPU.ActiveCfg = Release|Any CPU
		{00C29D04-7355-4011-A5A8-6E4CE59A41A6}.Release|Any CPU.Build.0 = Release|Any CPU
		{FC0B9ED1-1595-43A1-94D8-F14117428BCC}.Debug|Any CPU.ActiveCfg = Debug|Any CPU
		{FC0B9ED1-1595-43A1-94D8-F14117428BCC}.Debug|Any CPU.Build.0 = Debug|Any CPU
		{FC0B9ED1-1595-43A1-94D8-F14117428BCC}.Release|Any CPU.ActiveCfg = Release|Any CPU
		{FC0B9ED1-1595-43A1-94D8-F14117428BCC}.Release|Any CPU.Build.0 = Release|Any CPU
		{5A400E64-A83E-4A94-8A9C-EF8575F508B1}.Debug|Any CPU.ActiveCfg = Debug|Any CPU
		{5A400E64-A83E-4A94-8A9C-EF8575F508B1}.Debug|Any CPU.Build.0 = Debug|Any CPU
		{5A400E64-A83E-4A94-8A9C-EF8575F508B1}.Release|Any CPU.ActiveCfg = Release|Any CPU
		{5A400E64-A83E-4A94-8A9C-EF8575F508B1}.Release|Any CPU.Build.0 = Release|Any CPU
		{93BA8CA1-EFB2-4CB7-967A-BE334947E27D}.Debug|Any CPU.ActiveCfg = Debug|Any CPU
		{93BA8CA1-EFB2-4CB7-967A-BE334947E27D}.Debug|Any CPU.Build.0 = Debug|Any CPU
		{93BA8CA1-EFB2-4CB7-967A-BE334947E27D}.Release|Any CPU.ActiveCfg = Release|Any CPU
		{93BA8CA1-EFB2-4CB7-967A-BE334947E27D}.Release|Any CPU.Build.0 = Release|Any CPU
	EndGlobalSection
	GlobalSection(SolutionProperties) = preSolution
		HideSolutionNode = FALSE
	EndGlobalSection
	GlobalSection(NestedProjects) = preSolution
		{60040DE7-BFD2-4033-A764-37DCF7A56E55} = {63962A89-2BC2-4E81-AA29-51456FC7FA5A}
		{9663835D-1AB4-4CF3-A176-04317D5655D1} = {63962A89-2BC2-4E81-AA29-51456FC7FA5A}
		{3D53C231-EF8A-4107-B1DA-1F9EBF94AC10} = {63962A89-2BC2-4E81-AA29-51456FC7FA5A}
		{9522F2FF-6D0B-49E4-80BD-8A97E6C6AEA1} = {63962A89-2BC2-4E81-AA29-51456FC7FA5A}
		{21C0C172-9DE7-4E27-8A36-E5417F08E3C3} = {F874FB0B-60AE-4940-A1AD-C06E02D8F6AC}
		{F91FED61-0500-4E7B-AC92-EB63379A10C2} = {F874FB0B-60AE-4940-A1AD-C06E02D8F6AC}
		{FC044D94-1A4B-492F-8E14-864F66C38F5A} = {F874FB0B-60AE-4940-A1AD-C06E02D8F6AC}
		{4F98581C-FACE-432D-B463-A8F08FB54C79} = {F874FB0B-60AE-4940-A1AD-C06E02D8F6AC}
		{FFFFE3B3-BB61-4811-8BA6-9CC37D79A435} = {9469CE58-53D6-4475-8BA7-64D1F7495D1E}
		{55C9C827-C159-4000-ABBD-3584D1770638} = {9469CE58-53D6-4475-8BA7-64D1F7495D1E}
		{BA8EA1CB-CE5A-454D-9127-39FD654428D0} = {9469CE58-53D6-4475-8BA7-64D1F7495D1E}
		{11D7CBE8-F676-4DE3-B5EB-9A7B55051ED0} = {9469CE58-53D6-4475-8BA7-64D1F7495D1E}
		{98729761-71AB-429A-AF4D-1693660946C5} = {208720B3-644F-47AF-84AE-6F7FA06E503D}
		{1C37CB5D-3635-4EE7-862A-153D9322B6BC} = {208720B3-644F-47AF-84AE-6F7FA06E503D}
		{B90A47AB-601C-49E9-8971-4789992503DE} = {208720B3-644F-47AF-84AE-6F7FA06E503D}
		{14814505-78B9-4366-A471-558E4C7A9F34} = {208720B3-644F-47AF-84AE-6F7FA06E503D}
		{00C29D04-7355-4011-A5A8-6E4CE59A41A6} = {63962A89-2BC2-4E81-AA29-51456FC7FA5A}
		{FC0B9ED1-1595-43A1-94D8-F14117428BCC} = {9469CE58-53D6-4475-8BA7-64D1F7495D1E}
		{5A400E64-A83E-4A94-8A9C-EF8575F508B1} = {F874FB0B-60AE-4940-A1AD-C06E02D8F6AC}
		{93BA8CA1-EFB2-4CB7-967A-BE334947E27D} = {208720B3-644F-47AF-84AE-6F7FA06E503D}
	EndGlobalSection
EndGlobal
